
Microsoft Visual Studio Solution File, Format Version 12.00
# Visual Studio Version 17
VisualStudioVersion = 17.5.33530.505
MinimumVisualStudioVersion = 10.0.40219.1
Project("{9A19103F-16F7-4668-BE54-9A1E7A4F7556}") = "FlagAnimePointZoom", "FlagAnimePointZoom\FlagAnimePointZoom.csproj", "{99D9C15A-274B-43C1-8703-17786EDD1D39}"
EndProject
Project("{9A19103F-16F7-4668-BE54-9A1E7A4F7556}") = "TetrahedronRotation", "TetrahedronRotation\TetrahedronRotation.csproj", "{ACD1E584-C6D8-4BC2-A69D-15CBEEC4D114}"
EndProject
Project("{FAE04EC0-301F-11D3-BF4B-00C04F79EFBC}") = "GptFeeder", "GptFeeder\GptFeeder.csproj", "{62302D5B-921B-4540-8B81-6458218919AE}"
EndProject
Global
	GlobalSection(SolutionConfigurationPlatforms) = preSolution
		Debug|Any CPU = Debug|Any CPU
		Release|Any CPU = Release|Any CPU
	EndGlobalSection
	GlobalSection(ProjectConfigurationPlatforms) = postSolution
		{99D9C15A-274B-43C1-8703-17786EDD1D39}.Debug|Any CPU.ActiveCfg = Debug|Any CPU
		{99D9C15A-274B-43C1-8703-17786EDD1D39}.Debug|Any CPU.Build.0 = Debug|Any CPU
		{99D9C15A-274B-43C1-8703-17786EDD1D39}.Release|Any CPU.ActiveCfg = Release|Any CPU
		{99D9C15A-274B-43C1-8703-17786EDD1D39}.Release|Any CPU.Build.0 = Release|Any CPU
		{ACD1E584-C6D8-4BC2-A69D-15CBEEC4D114}.Debug|Any CPU.ActiveCfg = Debug|Any CPU
		{ACD1E584-C6D8-4BC2-A69D-15CBEEC4D114}.Debug|Any CPU.Build.0 = Debug|Any CPU
		{ACD1E584-C6D8-4BC2-A69D-15CBEEC4D114}.Release|Any CPU.ActiveCfg = Release|Any CPU
		{ACD1E584-C6D8-4BC2-A69D-15CBEEC4D114}.Release|Any CPU.Build.0 = Release|Any CPU
		{62302D5B-921B-4540-8B81-6458218919AE}.Debug|Any CPU.ActiveCfg = Debug|Any CPU
		{62302D5B-921B-4540-8B81-6458218919AE}.Debug|Any CPU.Build.0 = Debug|Any CPU
		{62302D5B-921B-4540-8B81-6458218919AE}.Release|Any CPU.ActiveCfg = Release|Any CPU
		{62302D5B-921B-4540-8B81-6458218919AE}.Release|Any CPU.Build.0 = Release|Any CPU
	EndGlobalSection
	GlobalSection(SolutionProperties) = preSolution
		HideSolutionNode = FALSE
	EndGlobalSection
	GlobalSection(ExtensibilityGlobals) = postSolution
		SolutionGuid = {098B709D-B443-405D-BC4D-C93AB872C0BC}
	EndGlobalSection
EndGlobal
